{
  "lockfileVersion": 1,
  "configVersion": 1,
  "workspaces": {
    "": {
      "name": "post-for-me",
      "dependencies": {
        "@ffmpeg-installer/ffmpeg": "^1.1.0",
        "fluent-ffmpeg": "^2.1.3",
        "zod": "^3.23.8",
      },
      "devDependencies": {
        "@types/bun": "latest",
        "@types/fluent-ffmpeg": "^2.1.26",
      },
    },
  },
  "packages": {
    "@ffmpeg-installer/darwin-arm64": ["@ffmpeg-installer/darwin-arm64@4.1.5", "", { "os": "darwin", "cpu": "arm64" }, "sha512-hYqTiP63mXz7wSQfuqfFwfLOfwwFChUedeCVKkBtl/cliaTM7/ePI9bVzfZ2c+dWu3TqCwLDRWNSJ5pqZl8otA=="],

    "@ffmpeg-installer/darwin-x64": ["@ffmpeg-installer/darwin-x64@4.1.0", "", { "os": "darwin", "cpu": "x64" }, "sha512-Z4EyG3cIFjdhlY8wI9aLUXuH8nVt7E9SlMVZtWvSPnm2sm37/yC2CwjUzyCQbJbySnef1tQwGG2Sx+uWhd9IAw=="],

    "@ffmpeg-installer/ffmpeg": ["@ffmpeg-installer/ffmpeg@1.1.0", "", { "optionalDependencies": { "@ffmpeg-installer/darwin-arm64": "4.1.5", "@ffmpeg-installer/darwin-x64": "4.1.0", "@ffmpeg-installer/linux-arm": "4.1.3", "@ffmpeg-installer/linux-arm64": "4.1.4", "@ffmpeg-installer/linux-ia32": "4.1.0", "@ffmpeg-installer/linux-x64": "4.1.0", "@ffmpeg-installer/win32-ia32": "4.1.0", "@ffmpeg-installer/win32-x64": "4.1.0" } }, "sha512-Uq4rmwkdGxIa9A6Bd/VqqYbT7zqh1GrT5/rFwCwKM70b42W5gIjWeVETq6SdcL0zXqDtY081Ws/iJWhr1+xvQg=="],

    "@ffmpeg-installer/linux-arm": ["@ffmpeg-installer/linux-arm@4.1.3", "", { "os": "linux", "cpu": "arm" }, "sha512-NDf5V6l8AfzZ8WzUGZ5mV8O/xMzRag2ETR6+TlGIsMHp81agx51cqpPItXPib/nAZYmo55Bl2L6/WOMI3A5YRg=="],

    "@ffmpeg-installer/linux-arm64": ["@ffmpeg-installer/linux-arm64@4.1.4", "", { "os": "linux", "cpu": "arm64" }, "sha512-dljEqAOD0oIM6O6DxBW9US/FkvqvQwgJ2lGHOwHDDwu/pX8+V0YsDL1xqHbj1DMX/+nP9rxw7G7gcUvGspSoKg=="],

    "@ffmpeg-installer/linux-ia32": ["@ffmpeg-installer/linux-ia32@4.1.0", "", { "os": "linux", "cpu": "ia32" }, "sha512-0LWyFQnPf+Ij9GQGD034hS6A90URNu9HCtQ5cTqo5MxOEc7Rd8gLXrJvn++UmxhU0J5RyRE9KRYstdCVUjkNOQ=="],

    "@ffmpeg-installer/linux-x64": ["@ffmpeg-installer/linux-x64@4.1.0", "", { "os": "linux", "cpu": "x64" }, "sha512-Y5BWhGLU/WpQjOArNIgXD3z5mxxdV8c41C+U15nsE5yF8tVcdCGet5zPs5Zy3Ta6bU7haGpIzryutqCGQA/W8A=="],

    "@ffmpeg-installer/win32-ia32": ["@ffmpeg-installer/win32-ia32@4.1.0", "", { "os": "win32", "cpu": "ia32" }, "sha512-FV2D7RlaZv/lrtdhaQ4oETwoFUsUjlUiasiZLDxhEUPdNDWcH1OU9K1xTvqz+OXLdsmYelUDuBS/zkMOTtlUAw=="],

    "@ffmpeg-installer/win32-x64": ["@ffmpeg-installer/win32-x64@4.1.0", "", { "os": "win32", "cpu": "x64" }, "sha512-Drt5u2vzDnIONf4ZEkKtFlbvwj6rI3kxw1Ck9fpudmtgaZIHD4ucsWB2lCZBXRxJgXR+2IMSti+4rtM4C4rXgg=="],

    "@types/bun": ["@types/bun@1.3.8", "", { "dependencies": { "bun-types": "1.3.8" } }, "sha512-3LvWJ2q5GerAXYxO2mffLTqOzEu5qnhEAlh48Vnu8WQfnmSwbgagjGZV6BoHKJztENYEDn6QmVd949W4uESRJA=="],

    "@types/fluent-ffmpeg": ["@types/fluent-ffmpeg@2.1.28", "", { "dependencies": { "@types/node": "*" } }, "sha512-5ovxsDwBcPfJ+eYs1I/ZpcYCnkce7pvH9AHSvrZllAp1ZPpTRDZAFjF3TRFbukxSgIYTTNYePbS0rKUmaxVbXw=="],

    "@types/node": ["@types/node@25.1.0", "", { "dependencies": { "undici-types": "~7.16.0" } }, "sha512-t7frlewr6+cbx+9Ohpl0NOTKXZNV9xHRmNOvql47BFJKcEG1CxtxlPEEe+gR9uhVWM4DwhnvTF110mIL4yP9RA=="],

    "async": ["async@0.2.10", "", {}, "sha512-eAkdoKxU6/LkKDBzLpT+t6Ff5EtfSF4wx1WfJiPEEV7WNLnDaRXk0oVysiEPm262roaachGexwUv94WhSgN5TQ=="],

    "bun-types": ["bun-types@1.3.8", "", { "dependencies": { "@types/node": "*" } }, "sha512-fL99nxdOWvV4LqjmC+8Q9kW3M4QTtTR1eePs94v5ctGqU8OeceWrSUaRw3JYb7tU3FkMIAjkueehrHPPPGKi5Q=="],

    "fluent-ffmpeg": ["fluent-ffmpeg@2.1.3", "", { "dependencies": { "async": "^0.2.9", "which": "^1.1.1" } }, "sha512-Be3narBNt2s6bsaqP6Jzq91heDgOEaDCJAXcE3qcma/EJBSy5FB4cvO31XBInuAuKBx8Kptf8dkhjK0IOru39Q=="],

    "isexe": ["isexe@2.0.0", "", {}, "sha512-RHxMLp9lnKHGHRng9QFhRCMbYAcVpn69smSGcq3f36xjgVVWThj4qqLbTLlq7Ssj8B+fIQ1EuCEGI2lKsyQeIw=="],

    "undici-types": ["undici-types@7.16.0", "", {}, "sha512-Zz+aZWSj8LE6zoxD+xrjh4VfkIG8Ya6LvYkZqtUQGJPZjYl53ypCaUwWqo7eI0x66KBGeRo+mlBEkMSeSZ38Nw=="],

    "which": ["which@1.3.1", "", { "dependencies": { "isexe": "^2.0.0" }, "bin": { "which": "./bin/which" } }, "sha512-HxJdYWq1MTIQbJ3nw0cqssHoTNU267KlrDuGZ1WYlxDStUtKUhOaJmh112/TZmHxxUfuJqPXSOm7tDyas0OSIQ=="],

    "zod": ["zod@3.25.76", "", {}, "sha512-gzUt/qt81nXsFGKIFcC3YnfEAx5NkunCfnDlvuBSSFS02bcXu4Lmea0AFIUwbLWxWPx3d9p8S5QoaujKcNQxcQ=="],
  }
}
